
Microsoft Visual Studio Solution File, Format Version 12.00
# Visual Studio Version 16
VisualStudioVersion = 16.0.28315.86
MinimumVisualStudioVersion = 10.0.40219.1
Project("{2150E333-8FDC-42A3-9474-1A3956D46DE8}") = "Engine", "Engine", "{233774A8-CC9D-3FA9-86D1-90573E92B704}"
EndProject
Project("{2150E333-8FDC-42A3-9474-1A3956D46DE8}") = "Games", "Games", "{DE1F8B53-6C02-3C13-9101-A7C8D96F3FF6}"
EndProject
Project("{8BC9CEB8-8B4A-11D0-8D11-00A0C91BC942}") = "Ketsy", "Intermediate\ProjectFiles\Ketsy.vcxproj", "{6B90A434-0692-353E-91F2-E85E3D95195A}"
EndProject
Project("{8BC9CEB8-8B4A-11D0-8D11-00A0C91BC942}") = "UE5", "Intermediate\ProjectFiles\UE5.vcxproj", "{AC8CF2C4-B970-301B-AE9E-C9C0FB73330A}"
EndProject
Project("{2150E333-8FDC-42A3-9474-1A3956D46DE8}") = "Visualizers", "Visualizers", "{1CCEC849-CC72-4C59-8C36-2F7C38706D4C}"
	ProjectSection(SolutionItems) = preProject
		Z:\UE_5.0\Engine\Extras\VisualStudioDebugging\Unreal.natvis = Z:\UE_5.0\Engine\Extras\VisualStudioDebugging\Unreal.natvis
	EndProjectSection
EndProject
Global
	GlobalSection(SolutionConfigurationPlatforms) = preSolution
		DebugGame Editor|Android = DebugGame Editor|Android
		DebugGame Editor|Win64 = DebugGame Editor|Win64
		DebugGame|Android = DebugGame|Android
		DebugGame|Win64 = DebugGame|Win64
		Development Editor|Android = Development Editor|Android
		Development Editor|Win64 = Development Editor|Win64
		Development|Android = Development|Android
		Development|Win64 = Development|Win64
		Shipping|Android = Shipping|Android
		Shipping|Win64 = Shipping|Win64
	EndGlobalSection
	# UnrealVS Section
	GlobalSection(ddbf523f-7eb6-4887-bd51-85a714ff87eb) = preSolution
		AvailablePlatforms=Win64;Android
	EndGlobalSection
	GlobalSection(ProjectConfigurationPlatforms) = postSolution
		{6B90A434-0692-353E-91F2-E85E3D95195A}.DebugGame Editor|Android.ActiveCfg = Invalid|x64
		{6B90A434-0692-353E-91F2-E85E3D95195A}.DebugGame Editor|Win64.ActiveCfg = DebugGame_Editor|x64
		{6B90A434-0692-353E-91F2-E85E3D95195A}.DebugGame Editor|Win64.Build.0 = DebugGame_Editor|x64
		{6B90A434-0692-353E-91F2-E85E3D95195A}.DebugGame|Android.ActiveCfg = Android_DebugGame|Win64
		{6B90A434-0692-353E-91F2-E85E3D95195A}.DebugGame|Android.Build.0 = Android_DebugGame|Win64
		{6B90A434-0692-353E-91F2-E85E3D95195A}.DebugGame|Win64.ActiveCfg = DebugGame|x64
		{6B90A434-0692-353E-91F2-E85E3D95195A}.DebugGame|Win64.Build.0 = DebugGame|x64
		{6B90A434-0692-353E-91F2-E85E3D95195A}.Development Editor|Android.ActiveCfg = Invalid|x64
		{6B90A434-0692-353E-91F2-E85E3D95195A}.Development Editor|Win64.ActiveCfg = Development_Editor|x64
		{6B90A434-0692-353E-91F2-E85E3D95195A}.Development Editor|Win64.Build.0 = Development_Editor|x64
		{6B90A434-0692-353E-91F2-E85E3D95195A}.Development|Android.ActiveCfg = Android_Development|Win64
		{6B90A434-0692-353E-91F2-E85E3D95195A}.Development|Android.Build.0 = Android_Development|Win64
		{6B90A434-0692-353E-91F2-E85E3D95195A}.Development|Win64.ActiveCfg = Development|x64
		{6B90A434-0692-353E-91F2-E85E3D95195A}.Development|Win64.Build.0 = Development|x64
		{6B90A434-0692-353E-91F2-E85E3D95195A}.Shipping|Android.ActiveCfg = Android_Shipping|Win64
		{6B90A434-0692-353E-91F2-E85E3D95195A}.Shipping|Android.Build.0 = Android_Shipping|Win64
		{6B90A434-0692-353E-91F2-E85E3D95195A}.Shipping|Win64.ActiveCfg = Shipping|x64
		{6B90A434-0692-353E-91F2-E85E3D95195A}.Shipping|Win64.Build.0 = Shipping|x64
		{AC8CF2C4-B970-301B-AE9E-C9C0FB73330A}.DebugGame Editor|Android.ActiveCfg = BuiltWithUnrealBuildTool|Win64
		{AC8CF2C4-B970-301B-AE9E-C9C0FB73330A}.DebugGame Editor|Win64.ActiveCfg = BuiltWithUnrealBuildTool|Win64
		{AC8CF2C4-B970-301B-AE9E-C9C0FB73330A}.DebugGame|Android.ActiveCfg = BuiltWithUnrealBuildTool|Win64
		{AC8CF2C4-B970-301B-AE9E-C9C0FB73330A}.DebugGame|Win64.ActiveCfg = BuiltWithUnrealBuildTool|Win64
		{AC8CF2C4-B970-301B-AE9E-C9C0FB73330A}.Development Editor|Android.ActiveCfg = BuiltWithUnrealBuildTool|Win64
		{AC8CF2C4-B970-301B-AE9E-C9C0FB73330A}.Development Editor|Win64.ActiveCfg = BuiltWithUnrealBuildTool|Win64
		{AC8CF2C4-B970-301B-AE9E-C9C0FB73330A}.Development|Android.ActiveCfg = BuiltWithUnrealBuildTool|Win64
		{AC8CF2C4-B970-301B-AE9E-C9C0FB73330A}.Development|Win64.ActiveCfg = BuiltWithUnrealBuildTool|Win64
		{AC8CF2C4-B970-301B-AE9E-C9C0FB73330A}.Shipping|Android.ActiveCfg = BuiltWithUnrealBuildTool|Win64
		{AC8CF2C4-B970-301B-AE9E-C9C0FB73330A}.Shipping|Win64.ActiveCfg = BuiltWithUnrealBuildTool|Win64
	EndGlobalSection
	GlobalSection(SolutionProperties) = preSolution
		HideSolutionNode = FALSE
	EndGlobalSection
	GlobalSection(NestedProjects) = preSolution
		{AC8CF2C4-B970-301B-AE9E-C9C0FB73330A} = {233774A8-CC9D-3FA9-86D1-90573E92B704}
		{6B90A434-0692-353E-91F2-E85E3D95195A} = {DE1F8B53-6C02-3C13-9101-A7C8D96F3FF6}
	EndGlobalSection
EndGlobal
